{
  "nodes": {
    "archon": {
      "inputs": {
        "nixpkgs": [
          "nixpkgs"
        ]
      },
      "locked": {
        "lastModified": 1777941427,
        "narHash": "sha256-/lkr8X8HFgnWr1T9mpJ7lzlVX/LySVNz1TVN/cCO4wc=",
        "owner": "wobbier",
        "repo": "archon-nix",
        "rev": "882f0b55f3afb50cd2c2594af193642c1ef0e375",
        "type": "github"
      },
      "original": {
        "owner": "wobbier",
        "repo": "archon-nix",
        "type": "github"
      }
    },
    "home-manager": {
      "inputs": {
        "nixpkgs": [
          "nixpkgs"
        ]
      },
      "locked": {
        "lastModified": 1778110974,
        "narHash": "sha256-7V7bW5uZSdKPRmemMQUulXRffnlnjRj5N/HGHOsOda8=",
        "owner": "nix-community",
        "repo": "home-manager",
        "rev": "75fac363324f18d2b83a30fd916e509d2a02fb0e",
        "type": "github"
      },
      "original": {
        "owner": "nix-community",
        "repo": "home-manager",
        "type": "github"
      }
    },
    "nixpkgs": {
      "locked": {
        "lastModified": 1778143382,
        "narHash": "sha256-Ju2IHPiOSBVE+csXsArfJxh0K0LXw6KqsyW48/QS5vc=",
        "owner": "nixos",
        "repo": "nixpkgs",
        "rev": "060a6000b4e10872d66f99504a967ca0cd84507b",
        "type": "github"
      },
      "original": {
        "owner": "nixos",
        "repo": "nixpkgs",
        "type": "github"
      }
    },
    "root": {
      "inputs": {
        "archon": "archon",
        "home-manager": "home-manager",
        "nixpkgs": "nixpkgs",
        "spicetify-nix": "spicetify-nix",
        "warcraftlogs": "warcraftlogs"
      }
    },
    "spicetify-nix": {
      "inputs": {
        "nixpkgs": [
          "nixpkgs"
        ],
        "systems": "systems"
      },
      "locked": {
        "lastModified": 1777789800,
        "narHash": "sha256-XHCvLGu/bEEZRzXVKFu1i+2YB102Nr00n8e7xrzsfVs=",
        "owner": "Gerg-L",
        "repo": "spicetify-nix",
        "rev": "d0e921cc48aab6137d203a3eab19601dc2bdc0c3",
        "type": "github"
      },
      "original": {
        "owner": "Gerg-L",
        "repo": "spicetify-nix",
        "type": "github"
      }
    },
    "systems": {
      "locked": {
        "lastModified": 1681028828,
        "narHash": "sha256-Vy1rq5AaRuLzOxct8nz4T6wlgyUR7zLU309k9mBC768=",
        "owner": "nix-systems",
        "repo": "default",
        "rev": "da67096a3b9bf56a91d16901293e51ba5b49a27e",
        "type": "github"
      },
      "original": {
        "owner": "nix-systems",
        "repo": "default",
        "type": "github"
      }
    },
    "warcraftlogs": {
      "inputs": {
        "nixpkgs": [
          "nixpkgs"
        ]
      },
      "locked": {
        "lastModified": 1777942501,
        "narHash": "sha256-YJh9KNpaekc5dd9GpDAFoBBS15ZnPX3tfW0XXqU8/Ck=",
        "owner": "wobbier",
        "repo": "warcraftlogs-nixos",
        "rev": "8d4371e8310efb6e782d8c3bf6b8241df5c8520f",
        "type": "github"
      },
      "original": {
        "owner": "wobbier",
        "repo": "warcraftlogs-nixos",
        "type": "github"
      }
    }
  },
  "root": "root",
  "version": 7
}
